// !$*UTF8*$!
{
	archiveVersion = 1;
	classes = {
	};
	objectVersion = 56;
	objects = {

/* Begin PBXBuildFile section */
		1A5D6B042A9B60E90032690A /* TabbyCatApp.swift in Sources */ = {isa = PBXBuildFile; fileRef = 1A5D6B032A9B60E90032690A /* TabbyCatApp.swift */; };
		1A5D6B062A9B60E90032690A /* ContentView.swift in Sources */ = {isa = PBXBuildFile; fileRef = 1A5D6B052A9B60E90032690A /* ContentView.swift */; };
		1A5D6B082A9B60EC0032690A /* Assets.xcassets in Resources */ = {isa = PBXBuildFile; fileRef = 1A5D6B072A9B60EC0032690A /* Assets.xcassets */; };
		1A5D6B0B2A9B60EC0032690A /* Preview Assets.xcassets in Resources */ = {isa = PBXBuildFile; fileRef = 1A5D6B0A2A9B60EC0032690A /* Preview Assets.xcassets */; };
		1A5D6B132A9B614E0032690A /* CatFactsView.swift in Sources */ = {isa = PBXBuildFile; fileRef = 1A5D6B122A9B614E0032690A /* CatFactsView.swift */; };
		1A5D6B152A9B615B0032690A /* CatImagesView.swift in Sources */ = {isa = PBXBuildFile; fileRef = 1A5D6B142A9B615B0032690A /* CatImagesView.swift */; };
		1A5D6B172A9B61680032690A /* CatBounceView.swift in Sources */ = {isa = PBXBuildFile; fileRef = 1A5D6B162A9B61680032690A /* CatBounceView.swift */; };
		1A5D6B192A9B61730032690A /* CatGalleryView.swift in Sources */ = {isa = PBXBuildFile; fileRef = 1A5D6B182A9B61730032690A /* CatGalleryView.swift */; };
		1A5D6B1C2A9B644A0032690A /* CatFactsManager.swift in Sources */ = {isa = PBXBuildFile; fileRef = 1A5D6B1B2A9B644A0032690A /* CatFactsManager.swift */; };
		1A5D6B1E2A9B67330032690A /* CatFact.swift in Sources */ = {isa = PBXBuildFile; fileRef = 1A5D6B1D2A9B67330032690A /* CatFact.swift */; };
/* End PBXBuildFile section */

/* Begin PBXFileReference section */
		1A5D6B002A9B60E90032690A /* TabbyCat.app */ = {isa = PBXFileReference; explicitFileType = wrapper.application; includeInIndex = 0; path = TabbyCat.app; sourceTree = BUILT_PRODUCTS_DIR; };
		1A5D6B032A9B60E90032690A /* TabbyCatApp.swift */ = {isa = PBXFileReference; lastKnownFileType = sourcecode.swift; path = TabbyCatApp.swift; sourceTree = "<group>"; };
		1A5D6B052A9B60E90032690A /* ContentView.swift */ = {isa = PBXFileReference; lastKnownFileType = sourcecode.swift; path = ContentView.swift; sourceTree = "<group>"; };
		1A5D6B072A9B60EC0032690A /* Assets.xcassets */ = {isa = PBXFileReference; lastKnownFileType = folder.assetcatalog; path = Assets.xcassets; sourceTree = "<group>"; };
		1A5D6B0A2A9B60EC0032690A /* Preview Assets.xcassets */ = {isa = PBXFileReference; lastKnownFileType = folder.assetcatalog; path = "Preview Assets.xcassets"; sourceTree = "<group>"; };
		1A5D6B122A9B614E0032690A /* CatFactsView.swift */ = {isa = PBXFileReference; lastKnownFileType = sourcecode.swift; path = CatFactsView.swift; sourceTree = "<group>"; };
		1A5D6B142A9B615B0032690A /* CatImagesView.swift */ = {isa = PBXFileReference; lastKnownFileType = sourcecode.swift; path = CatImagesView.swift; sourceTree = "<group>"; };
		1A5D6B162A9B61680032690A /* CatBounceView.swift */ = {isa = PBXFileReference; lastKnownFileType = sourcecode.swift; path = CatBounceView.swift; sourceTree = "<group>"; };
		1A5D6B182A9B61730032690A /* CatGalleryView.swift */ = {isa = PBXFileReference; lastKnownFileType = sourcecode.swift; path = CatGalleryView.swift; sourceTree = "<group>"; };
		1A5D6B1B2A9B644A0032690A /* CatFactsManager.swift */ = {isa = PBXFileReference; lastKnownFileType = sourcecode.swift; path = CatFactsManager.swift; sourceTree = "<group>"; };
		1A5D6B1D2A9B67330032690A /* CatFact.swift */ = {isa = PBXFileReference; lastKnownFileType = sourcecode.swift; path = CatFact.swift; sourceTree = "<group>"; };
/* End PBXFileReference section */

/* Begin PBXFrameworksBuildPhase section */
		1A5D6AFD2A9B60E90032690A /* Frameworks */ = {
			isa = PBXFrameworksBuildPhase;
			buildActionMask = 2147483647;
			files = (
			);
			runOnlyForDeploymentPostprocessing = 0;
		};
/* End PBXFrameworksBuildPhase section */

/* Begin PBXGroup section */
		1A5D6AF72A9B60E90032690A = {
			isa = PBXGroup;
			children = (
				1A5D6B022A9B60E90032690A /* TabbyCat */,
				1A5D6B012A9B60E90032690A /* Products */,
			);
			sourceTree = "<group>";
		};
		1A5D6B012A9B60E90032690A /* Products */ = {
			isa = PBXGroup;
			children = (
				1A5D6B002A9B60E90032690A /* TabbyCat.app */,
			);
			name = Products;
			sourceTree = "<group>";
		};
		1A5D6B022A9B60E90032690A /* TabbyCat */ = {
			isa = PBXGroup;
			children = (
				1A5D6B1A2A9B642A0032690A /* ViewModel and Model */,
				1A5D6B052A9B60E90032690A /* ContentView.swift */,
				1A5D6B112A9B612C0032690A /* Views */,
				1A5D6B032A9B60E90032690A /* TabbyCatApp.swift */,
				1A5D6B072A9B60EC0032690A /* Assets.xcassets */,
				1A5D6B092A9B60EC0032690A /* Preview Content */,
			);
			path = TabbyCat;
			sourceTree = "<group>";
		};
		1A5D6B092A9B60EC0032690A /* Preview Content */ = {
			isa = PBXGroup;
			children = (
				1A5D6B0A2A9B60EC0032690A /* Preview Assets.xcassets */,
			);
			path = "Preview Content";
			sourceTree = "<group>";
		};
		1A5D6B112A9B612C0032690A /* Views */ = {
			isa = PBXGroup;
			children = (
				1A5D6B122A9B614E0032690A /* CatFactsView.swift */,
				1A5D6B142A9B615B0032690A /* CatImagesView.swift */,
				1A5D6B162A9B61680032690A /* CatBounceView.swift */,
				1A5D6B182A9B61730032690A /* CatGalleryView.swift */,
			);
			path = Views;
			sourceTree = "<group>";
		};
		1A5D6B1A2A9B642A0032690A /* ViewModel and Model */ = {
			isa = PBXGroup;
			children = (
				1A5D6B1B2A9B644A0032690A /* CatFactsManager.swift */,
				1A5D6B1D2A9B67330032690A /* CatFact.swift */,
			);
			path = "ViewModel and Model";
			sourceTree = "<group>";
		};
/* End PBXGroup section */

/* Begin PBXNativeTarget section */
		1A5D6AFF2A9B60E90032690A /* TabbyCat */ = {
			isa = PBXNativeTarget;
			buildConfigurationList = 1A5D6B0E2A9B60EC0032690A /* Build configuration list for PBXNativeTarget "TabbyCat" */;
			buildPhases = (
				1A5D6AFC2A9B60E90032690A /* Sources */,
				1A5D6AFD2A9B60E90032690A /* Frameworks */,
				1A5D6AFE2A9B60E90032690A /* Resources */,
			);
			buildRules = (
			);
			dependencies = (
			);
			name = TabbyCat;
			productName = TabbyCat;
			productReference = 1A5D6B002A9B60E90032690A /* TabbyCat.app */;
			productType = "com.apple.product-type.application";
		};
/* End PBXNativeTarget section */

/* Begin PBXProject section */
		1A5D6AF82A9B60E90032690A /* Project object */ = {
			isa = PBXProject;
			attributes = {
				BuildIndependentTargetsInParallel = 1;
				LastSwiftUpdateCheck = 1420;
				LastUpgradeCheck = 1420;
				TargetAttributes = {
					1A5D6AFF2A9B60E90032690A = {
						CreatedOnToolsVersion = 14.2;
					};
				};
			};
			buildConfigurationList = 1A5D6AFB2A9B60E90032690A /* Build configuration list for PBXProject "TabbyCat" */;
			compatibilityVersion = "Xcode 14.0";
			developmentRegion = en;
			hasScannedForEncodings = 0;
			knownRegions = (
				en,
				Base,
			);
			mainGroup = 1A5D6AF72A9B60E90032690A;
			productRefGroup = 1A5D6B012A9B60E90032690A /* Products */;
			projectDirPath = "";
			projectRoot = "";
			targets = (
				1A5D6AFF2A9B60E90032690A /* TabbyCat */,
			);
		};
/* End PBXProject section */

/* Begin PBXResourcesBuildPhase section */
		1A5D6AFE2A9B60E90032690A /* Resources */ = {
			isa = PBXResourcesBuildPhase;
			buildActionMask = 2147483647;
			files = (
				1A5D6B0B2A9B60EC0032690A /* Preview Assets.xcassets in Resources */,
				1A5D6B082A9B60EC0032690A /* Assets.xcassets in Resources */,
			);
			runOnlyForDeploymentPostprocessing = 0;
		};
/* End PBXResourcesBuildPhase section */

/* Begin PBXSourcesBuildPhase section */
		1A5D6AFC2A9B60E90032690A /* Sources */ = {
			isa = PBXSourcesBuildPhase;
			buildActionMask = 2147483647;
			files = (
				1A5D6B192A9B61730032690A /* CatGalleryView.swift in Sources */,
				1A5D6B062A9B60E90032690A /* ContentView.swift in Sources */,
				1A5D6B1E2A9B67330032690A /* CatFact.swift in Sources */,
				1A5D6B1C2A9B644A0032690A /* CatFactsManager.swift in Sources */,
				1A5D6B172A9B61680032690A /* CatBounceView.swift in Sources */,
				1A5D6B132A9B614E0032690A /* CatFactsView.swift in Sources */,
				1A5D6B042A9B60E90032690A /* TabbyCatApp.swift in Sources */,
				1A5D6B152A9B615B0032690A /* CatImagesView.swift in Sources */,
			);
			runOnlyForDeploymentPostprocessing = 0;
		};
/* End PBXSourcesBuildPhase section */

/* Begin XCBuildConfiguration section */
		1A5D6B0C2A9B60EC0032690A /* Debug */ = {
			isa = XCBuildConfiguration;
			buildSettings = {
				ALWAYS_SEARCH_USER_PATHS = NO;
				CLANG_ANALYZER_NONNULL = YES;
				CLANG_ANALYZER_NUMBER_OBJECT_CONVERSION = YES_AGGRESSIVE;
				CLANG_CXX_LANGUAGE_STANDARD = "gnu++20";
				CLANG_ENABLE_MODULES = YES;
				CLANG_ENABLE_OBJC_ARC = YES;
				CLANG_ENABLE_OBJC_WEAK = YES;
				CLANG_WARN_BLOCK_CAPTURE_AUTORELEASING = YES;
				CLANG_WARN_BOOL_CONVERSION = YES;
				CLANG_WARN_COMMA = YES;
				CLANG_WARN_CONSTANT_CONVERSION = YES;
				CLANG_WARN_DEPRECATED_OBJC_IMPLEMENTATIONS = YES;
				CLANG_WARN_DIRECT_OBJC_ISA_USAGE = YES_ERROR;
				CLANG_WARN_DOCUMENTATION_COMMENTS = YES;
				CLANG_WARN_EMPTY_BODY = YES;
				CLANG_WARN_ENUM_CONVERSION = YES;
				CLANG_WARN_INFINITE_RECURSION = YES;
				CLANG_WARN_INT_CONVERSION = YES;
				CLANG_WARN_NON_LITERAL_NULL_CONVERSION = YES;
				CLANG_WARN_OBJC_IMPLICIT_RETAIN_SELF = YES;
				CLANG_WARN_OBJC_LITERAL_CONVERSION = YES;
				CLANG_WARN_OBJC_ROOT_CLASS = YES_ERROR;
				CLANG_WARN_QUOTED_INCLUDE_IN_FRAMEWORK_HEADER = YES;
				CLANG_WARN_RANGE_LOOP_ANALYSIS = YES;
				CLANG_WARN_STRICT_PROTOTYPES = YES;
				CLANG_WARN_SUSPICIOUS_MOVE = YES;
				CLANG_WARN_UNGUARDED_AVAILABILITY = YES_AGGRESSIVE;
				CLANG_WARN_UNREACHABLE_CODE = YES;
				CLANG_WARN__DUPLICATE_METHOD_MATCH = YES;
				COPY_PHASE_STRIP = NO;
				DEBUG_INFORMATION_FORMAT = dwarf;
				ENABLE_STRICT_OBJC_MSGSEND = YES;
				ENABLE_TESTABILITY = YES;
				GCC_C_LANGUAGE_STANDARD = gnu11;
				GCC_DYNAMIC_NO_PIC = NO;
				GCC_NO_COMMON_BLOCKS = YES;
				GCC_OPTIMIZATION_LEVEL = 0;
				GCC_PREPROCESSOR_DEFINITIONS = (
					"DEBUG=1",
					"$(inherited)",
				);
				GCC_WARN_64_TO_32_BIT_CONVERSION = YES;
				GCC_WARN_ABOUT_RETURN_TYPE = YES_ERROR;
				GCC_WARN_UNDECLARED_SELECTOR = YES;
				GCC_WARN_UNINITIALIZED_AUTOS = YES_AGGRESSIVE;
				GCC_WARN_UNUSED_FUNCTION = YES;
				GCC_WARN_UNUSED_VARIABLE = YES;
				IPHONEOS_DEPLOYMENT_TARGET = 16.0;
				MTL_ENABLE_DEBUG_INFO = INCLUDE_SOURCE;
				MTL_FAST_MATH = YES;
				ONLY_ACTIVE_ARCH = YES;
				SDKROOT = iphoneos;
				SWIFT_ACTIVE_COMPILATION_CONDITIONS = DEBUG;
				SWIFT_OPTIMIZATION_LEVEL = "-Onone";
			};
			name = Debug;
		};
		1A5D6B0D2A9B60EC0032690A /* Release */ = {
			isa = XCBuildConfiguration;
			buildSettings = {
				ALWAYS_SEARCH_USER_PATHS = NO;
				CLANG_ANALYZER_NONNULL = YES;
				CLANG_ANALYZER_NUMBER_OBJECT_CONVERSION = YES_AGGRESSIVE;
				CLANG_CXX_LANGUAGE_STANDARD = "gnu++20";
				CLANG_ENABLE_MODULES = YES;
				CLANG_ENABLE_OBJC_ARC = YES;
				CLANG_ENABLE_OBJC_WEAK = YES;
				CLANG_WARN_BLOCK_CAPTURE_AUTORELEASING = YES;
				CLANG_WARN_BOOL_CONVERSION = YES;
				CLANG_WARN_COMMA = YES;
				CLANG_WARN_CONSTANT_CONVERSION = YES;
				CLANG_WARN_DEPRECATED_OBJC_IMPLEMENTATIONS = YES;
				CLANG_WARN_DIRECT_OBJC_ISA_USAGE = YES_ERROR;
				CLANG_WARN_DOCUMENTATION_COMMENTS = YES;
				CLANG_WARN_EMPTY_BODY = YES;
				CLANG_WARN_ENUM_CONVERSION = YES;
				CLANG_WARN_INFINITE_RECURSION = YES;
				CLANG_WARN_INT_CONVERSION = YES;
				CLANG_WARN_NON_LITERAL_NULL_CONVERSION = YES;
				CLANG_WARN_OBJC_IMPLICIT_RETAIN_SELF = YES;
				CLANG_WARN_OBJC_LITERAL_CONVERSION = YES;
				CLANG_WARN_OBJC_ROOT_CLASS = YES_ERROR;
				CLANG_WARN_QUOTED_INCLUDE_IN_FRAMEWORK_HEADER = YES;
				CLANG_WARN_RANGE_LOOP_ANALYSIS = YES;
				CLANG_WARN_STRICT_PROTOTYPES = YES;
				CLANG_WARN_SUSPICIOUS_MOVE = YES;
				CLANG_WARN_UNGUARDED_AVAILABILITY = YES_AGGRESSIVE;
				CLANG_WARN_UNREACHABLE_CODE = YES;
				CLANG_WARN__DUPLICATE_METHOD_MATCH = YES;
				COPY_PHASE_STRIP = NO;
				DEBUG_INFORMATION_FORMAT = "dwarf-with-dsym";
				ENABLE_NS_ASSERTIONS = NO;
				ENABLE_STRICT_OBJC_MSGSEND = YES;
				GCC_C_LANGUAGE_STANDARD = gnu11;
				GCC_NO_COMMON_BLOCKS = YES;
				GCC_WARN_64_TO_32_BIT_CONVERSION = YES;
				GCC_WARN_ABOUT_RETURN_TYPE = YES_ERROR;
				GCC_WARN_UNDECLARED_SELECTOR = YES;
				GCC_WARN_UNINITIALIZED_AUTOS = YES_AGGRESSIVE;
				GCC_WARN_UNUSED_FUNCTION = YES;
				GCC_WARN_UNUSED_VARIABLE = YES;
				IPHONEOS_DEPLOYMENT_TARGET = 16.0;
				MTL_ENABLE_DEBUG_INFO = NO;
				MTL_FAST_MATH = YES;
				SDKROOT = iphoneos;
				SWIFT_COMPILATION_MODE = wholemodule;
				SWIFT_OPTIMIZATION_LEVEL = "-O";
				VALIDATE_PRODUCT = YES;
			};
			name = Release;
		};
		1A5D6B0F2A9B60EC0032690A /* Debug */ = {
			isa = XCBuildConfiguration;
			buildSettings = {
				ASSETCATALOG_COMPILER_APPICON_NAME = AppIcon;
				ASSETCATALOG_COMPILER_GLOBAL_ACCENT_COLOR_NAME = AccentColor;
				CODE_SIGN_STYLE = Automatic;
				CURRENT_PROJECT_VERSION = 1;
				DEVELOPMENT_ASSET_PATHS = "\"TabbyCat/Preview Content\"";
				DEVELOPMENT_TEAM = 63S3JKC92E;
				ENABLE_PREVIEWS = YES;
				GENERATE_INFOPLIST_FILE = YES;
				INFOPLIST_FILE = TabbyCat/Info.plist;
				INFOPLIST_KEY_UIApplicationSupportsIndirectInputEvents = YES;
				INFOPLIST_KEY_UILaunchScreen_Generation = YES;
				INFOPLIST_KEY_UISupportedInterfaceOrientations_iPad = "UIInterfaceOrientationPortrait UIInterfaceOrientationPortraitUpsideDown UIInterfaceOrientationLandscapeLeft UIInterfaceOrientationLandscapeRight";
				INFOPLIST_KEY_UISupportedInterfaceOrientations_iPhone = "UIInterfaceOrientationPortrait UIInterfaceOrientationLandscapeLeft UIInterfaceOrientationLandscapeRight";
				LD_RUNPATH_SEARCH_PATHS = (
					"$(inherited)",
					"@executable_path/Frameworks",
				);
				MARKETING_VERSION = 1.0;
				PRODUCT_BUNDLE_IDENTIFIER = com.majed.TabbyCat;
				PRODUCT_NAME = "$(TARGET_NAME)";
				SWIFT_EMIT_LOC_STRINGS = YES;
				SWIFT_VERSION = 5.0;
				TARGETED_DEVICE_FAMILY = "1,2";
			};
			name = Debug;
		};
		1A5D6B102A9B60EC0032690A /* Release */ = {
			isa = XCBuildConfiguration;
			buildSettings = {
				ASSETCATALOG_COMPILER_APPICON_NAME = AppIcon;
				ASSETCATALOG_COMPILER_GLOBAL_ACCENT_COLOR_NAME = AccentColor;
				CODE_SIGN_STYLE = Automatic;
				CURRENT_PROJECT_VERSION = 1;
				DEVELOPMENT_ASSET_PATHS = "\"TabbyCat/Preview Content\"";
				DEVELOPMENT_TEAM = 63S3JKC92E;
				ENABLE_PREVIEWS = YES;
				GENERATE_INFOPLIST_FILE = YES;
				INFOPLIST_FILE = TabbyCat/Info.plist;
				INFOPLIST_KEY_UIApplicationSupportsIndirectInputEvents = YES;
				INFOPLIST_KEY_UILaunchScreen_Generation = YES;
				INFOPLIST_KEY_UISupportedInterfaceOrientations_iPad = "UIInterfaceOrientationPortrait UIInterfaceOrientationPortraitUpsideDown UIInterfaceOrientationLandscapeLeft UIInterfaceOrientationLandscapeRight";
				INFOPLIST_KEY_UISupportedInterfaceOrientations_iPhone = "UIInterfaceOrientationPortrait UIInterfaceOrientationLandscapeLeft UIInterfaceOrientationLandscapeRight";
				LD_RUNPATH_SEARCH_PATHS = (
					"$(inherited)",
					"@executable_path/Frameworks",
				);
				MARKETING_VERSION = 1.0;
				PRODUCT_BUNDLE_IDENTIFIER = com.majed.TabbyCat;
				PRODUCT_NAME = "$(TARGET_NAME)";
				SWIFT_EMIT_LOC_STRINGS = YES;
				SWIFT_VERSION = 5.0;
				TARGETED_DEVICE_FAMILY = "1,2";
			};
			name = Release;
		};
/* End XCBuildConfiguration section */

/* Begin XCConfigurationList section */
		1A5D6AFB2A9B60E90032690A /* Build configuration list for PBXProject "TabbyCat" */ = {
			isa = XCConfigurationList;
			buildConfigurations = (
				1A5D6B0C2A9B60EC0032690A /* Debug */,
				1A5D6B0D2A9B60EC0032690A /* Release */,
			);
			defaultConfigurationIsVisible = 0;
			defaultConfigurationName = Release;
		};
		1A5D6B0E2A9B60EC0032690A /* Build configuration list for PBXNativeTarget "TabbyCat" */ = {
			isa = XCConfigurationList;
			buildConfigurations = (
				1A5D6B0F2A9B60EC0032690A /* Debug */,
				1A5D6B102A9B60EC0032690A /* Release */,
			);
			defaultConfigurationIsVisible = 0;
			defaultConfigurationName = Release;
		};
/* End XCConfigurationList section */
	};
	rootObject = 1A5D6AF82A9B60E90032690A /* Project object */;
}
